
Microsoft Visual Studio Solution File, Format Version 12.00
# Visual Studio 15
VisualStudioVersion = 15.0.28010.2016
MinimumVisualStudioVersion = 10.0.40219.1
Project("{FAE04EC0-301F-11D3-BF4B-00C04F79EFBC}") = "LambdaAndLambdaTree", "LambdaAndLambdaTree\LambdaAndLambdaTree.csproj", "{E8D5EDE4-A618-4120-A2B9-15BC2C9FFB05}"
EndProject
Global
	GlobalSection(SolutionConfigurationPlatforms) = preSolution
		Debug|Any CPU = Debug|Any CPU
		Release|Any CPU = Release|Any CPU
	EndGlobalSection
	GlobalSection(ProjectConfigurationPlatforms) = postSolution
		{E8D5EDE4-A618-4120-A2B9-15BC2C9FFB05}.Debug|Any CPU.ActiveCfg = Debug|Any CPU
		{E8D5EDE4-A618-4120-A2B9-15BC2C9FFB05}.Debug|Any CPU.Build.0 = Debug|Any CPU
		{E8D5EDE4-A618-4120-A2B9-15BC2C9FFB05}.Release|Any CPU.ActiveCfg = Release|Any CPU
		{E8D5EDE4-A618-4120-A2B9-15BC2C9FFB05}.Release|Any CPU.Build.0 = Release|Any CPU
	EndGlobalSection
	GlobalSection(SolutionProperties) = preSolution
		HideSolutionNode = FALSE
	EndGlobalSection
	GlobalSection(ExtensibilityGlobals) = postSolution
		SolutionGuid = {AF28A899-AFDC-41AC-842B-BB90C7D5535B}
	EndGlobalSection
EndGlobal
