
Microsoft Visual Studio Solution File, Format Version 12.00
# Visual Studio 15
VisualStudioVersion = 15.0.28010.2016
MinimumVisualStudioVersion = 10.0.40219.1
Project("{FAE04EC0-301F-11D3-BF4B-00C04F79EFBC}") = "Delegate.runoob.com", "Delegate.runoob.com\Delegate.runoob.com.csproj", "{940DEEB7-4B5D-45E6-8AB7-1A7C99E5EE4D}"
EndProject
Global
	GlobalSection(SolutionConfigurationPlatforms) = preSolution
		Debug|Any CPU = Debug|Any CPU
		Release|Any CPU = Release|Any CPU
	EndGlobalSection
	GlobalSection(ProjectConfigurationPlatforms) = postSolution
		{940DEEB7-4B5D-45E6-8AB7-1A7C99E5EE4D}.Debug|Any CPU.ActiveCfg = Debug|Any CPU
		{940DEEB7-4B5D-45E6-8AB7-1A7C99E5EE4D}.Debug|Any CPU.Build.0 = Debug|Any CPU
		{940DEEB7-4B5D-45E6-8AB7-1A7C99E5EE4D}.Release|Any CPU.ActiveCfg = Release|Any CPU
		{940DEEB7-4B5D-45E6-8AB7-1A7C99E5EE4D}.Release|Any CPU.Build.0 = Release|Any CPU
	EndGlobalSection
	GlobalSection(SolutionProperties) = preSolution
		HideSolutionNode = FALSE
	EndGlobalSection
	GlobalSection(ExtensibilityGlobals) = postSolution
		SolutionGuid = {AF28A899-AFDC-41AC-842B-BB90C7D5535B}
	EndGlobalSection
EndGlobal
